{
  "name": "captcha",
  "version": "1.0.0",
  "lockfileVersion": 1,
  "requires": true,
  "dependencies": {
    "captcha-generator": {
      "version": "0.9.4",
      "resolved": "https://registry.npmjs.org/captcha-generator/-/captcha-generator-0.9.4.tgz",
      "integrity": "sha1-II6HImyNRDrpZEL9gBet67QtOC8="
    }
  }
}
